
Microsoft Visual Studio Solution File, Format Version 11.00
# Visual Studio 2010
Project("{FAE04EC0-301F-11D3-BF4B-00C04F79EFBC}") = "YamlDotNet", "YamlDotNet.csproj", "{adbdb580-363d-ce45-7e18-0d89468abbb3}"
EndProject
Project("{FAE04EC0-301F-11D3-BF4B-00C04F79EFBC}") = "Assembly-CSharp", "Assembly-CSharp.csproj", "{ac97a57c-9e79-812d-e8a0-0ea9a568434e}"
EndProject
Project("{FAE04EC0-301F-11D3-BF4B-00C04F79EFBC}") = "Assembly-CSharp-firstpass", "Assembly-CSharp-firstpass.csproj", "{fc55f0a2-e182-6be3-e172-6c2074565427}"
EndProject
Project("{FAE04EC0-301F-11D3-BF4B-00C04F79EFBC}") = "FMODUnity", "FMODUnity.csproj", "{0941e647-767e-d7e4-76d2-c5a8d27d34a1}"
EndProject
Project("{FAE04EC0-301F-11D3-BF4B-00C04F79EFBC}") = "YamlDotNet.Examples", "YamlDotNet.Examples.csproj", "{99acf2b3-163a-0a92-8ba5-41794898ecf1}"
EndProject
Project("{FAE04EC0-301F-11D3-BF4B-00C04F79EFBC}") = "Sirenix.OdinInspector.CompatibilityLayer", "Sirenix.OdinInspector.CompatibilityLayer.csproj", "{ff890610-6605-4bc5-b59c-4f7cffcbd211}"
EndProject
Project("{FAE04EC0-301F-11D3-BF4B-00C04F79EFBC}") = "FMODUnityResonance", "FMODUnityResonance.csproj", "{7cb34ccc-8640-846c-2941-b7d14f649a3f}"
EndProject
Project("{FAE04EC0-301F-11D3-BF4B-00C04F79EFBC}") = "FMODUnityEditor", "FMODUnityEditor.csproj", "{837ee3c7-eb0e-526a-2791-1812c014405f}"
EndProject
Project("{FAE04EC0-301F-11D3-BF4B-00C04F79EFBC}") = "Sirenix.OdinInspector.CompatibilityLayer.Editor", "Sirenix.OdinInspector.CompatibilityLayer.Editor.csproj", "{12713f60-09f8-8c87-54e9-549c7f1bdc41}"
EndProject
Project("{FAE04EC0-301F-11D3-BF4B-00C04F79EFBC}") = "Assembly-CSharp-Editor-firstpass", "Assembly-CSharp-Editor-firstpass.csproj", "{22276c97-6b6f-a450-1907-6f79b1984831}"
EndProject
Project("{FAE04EC0-301F-11D3-BF4B-00C04F79EFBC}") = "Assembly-CSharp-Editor", "Assembly-CSharp-Editor.csproj", "{e3e30f35-a348-52f6-05df-aa9db89c53b0}"
EndProject
Project("{FAE04EC0-301F-11D3-BF4B-00C04F79EFBC}") = "FMODUnityResonanceEditor", "FMODUnityResonanceEditor.csproj", "{2170285d-3a04-7e97-5a9f-eecefe35b3da}"
EndProject
Global
	GlobalSection(SolutionConfigurationPlatforms) = preSolution
		Debug|Any CPU = Debug|Any CPU
	EndGlobalSection
	GlobalSection(ProjectConfigurationPlatforms) = postSolution
		{adbdb580-363d-ce45-7e18-0d89468abbb3}.Debug|Any CPU.ActiveCfg = Debug|Any CPU
		{adbdb580-363d-ce45-7e18-0d89468abbb3}.Debug|Any CPU.Build.0 = Debug|Any CPU
		{ac97a57c-9e79-812d-e8a0-0ea9a568434e}.Debug|Any CPU.ActiveCfg = Debug|Any CPU
		{ac97a57c-9e79-812d-e8a0-0ea9a568434e}.Debug|Any CPU.Build.0 = Debug|Any CPU
		{fc55f0a2-e182-6be3-e172-6c2074565427}.Debug|Any CPU.ActiveCfg = Debug|Any CPU
		{fc55f0a2-e182-6be3-e172-6c2074565427}.Debug|Any CPU.Build.0 = Debug|Any CPU
		{0941e647-767e-d7e4-76d2-c5a8d27d34a1}.Debug|Any CPU.ActiveCfg = Debug|Any CPU
		{0941e647-767e-d7e4-76d2-c5a8d27d34a1}.Debug|Any CPU.Build.0 = Debug|Any CPU
		{99acf2b3-163a-0a92-8ba5-41794898ecf1}.Debug|Any CPU.ActiveCfg = Debug|Any CPU
		{99acf2b3-163a-0a92-8ba5-41794898ecf1}.Debug|Any CPU.Build.0 = Debug|Any CPU
		{ff890610-6605-4bc5-b59c-4f7cffcbd211}.Debug|Any CPU.ActiveCfg = Debug|Any CPU
		{ff890610-6605-4bc5-b59c-4f7cffcbd211}.Debug|Any CPU.Build.0 = Debug|Any CPU
		{7cb34ccc-8640-846c-2941-b7d14f649a3f}.Debug|Any CPU.ActiveCfg = Debug|Any CPU
		{7cb34ccc-8640-846c-2941-b7d14f649a3f}.Debug|Any CPU.Build.0 = Debug|Any CPU
		{837ee3c7-eb0e-526a-2791-1812c014405f}.Debug|Any CPU.ActiveCfg = Debug|Any CPU
		{837ee3c7-eb0e-526a-2791-1812c014405f}.Debug|Any CPU.Build.0 = Debug|Any CPU
		{12713f60-09f8-8c87-54e9-549c7f1bdc41}.Debug|Any CPU.ActiveCfg = Debug|Any CPU
		{12713f60-09f8-8c87-54e9-549c7f1bdc41}.Debug|Any CPU.Build.0 = Debug|Any CPU
		{22276c97-6b6f-a450-1907-6f79b1984831}.Debug|Any CPU.ActiveCfg = Debug|Any CPU
		{22276c97-6b6f-a450-1907-6f79b1984831}.Debug|Any CPU.Build.0 = Debug|Any CPU
		{e3e30f35-a348-52f6-05df-aa9db89c53b0}.Debug|Any CPU.ActiveCfg = Debug|Any CPU
		{e3e30f35-a348-52f6-05df-aa9db89c53b0}.Debug|Any CPU.Build.0 = Debug|Any CPU
		{2170285d-3a04-7e97-5a9f-eecefe35b3da}.Debug|Any CPU.ActiveCfg = Debug|Any CPU
		{2170285d-3a04-7e97-5a9f-eecefe35b3da}.Debug|Any CPU.Build.0 = Debug|Any CPU
	EndGlobalSection
	GlobalSection(SolutionProperties) = preSolution
		HideSolutionNode = FALSE
	EndGlobalSection
EndGlobal
